Microsoft Visual Studio Solution File, Format Version 12.00
# Visual Studio Version 17
VisualStudioVersion = 17.5.2.0
MinimumVisualStudioVersion = 10.0.40219.1
Project("{FAE04EC0-301F-11D3-BF4B-00C04F79EFBC}") = "course-8", "course-8.csproj", "{15F6709C-3591-5BDC-7BC2-E63B2A268E3E}"
EndProject
Global
	GlobalSection(SolutionConfigurationPlatforms) = preSolution
		Debug|Any CPU = Debug|Any CPU
		Release|Any CPU = Release|Any CPU
	EndGlobalSection
	GlobalSection(ProjectConfigurationPlatforms) = postSolution
		{15F6709C-3591-5BDC-7BC2-E63B2A268E3E}.Debug|Any CPU.ActiveCfg = Debug|Any CPU
		{15F6709C-3591-5BDC-7BC2-E63B2A268E3E}.Debug|Any CPU.Build.0 = Debug|Any CPU
		{15F6709C-3591-5BDC-7BC2-E63B2A268E3E}.Release|Any CPU.ActiveCfg = Release|Any CPU
		{15F6709C-3591-5BDC-7BC2-E63B2A268E3E}.Release|Any CPU.Build.0 = Release|Any CPU
	EndGlobalSection
	GlobalSection(SolutionProperties) = preSolution
		HideSolutionNode = FALSE
	EndGlobalSection
	GlobalSection(ExtensibilityGlobals) = postSolution
		SolutionGuid = {37E41E8C-8252-453C-AAA6-83571295701C}
	EndGlobalSection
EndGlobal
